// !$*UTF8*$!
{
	archiveVersion = 1;
	classes = {
	};
	objectVersion = 48;
	objects = {

/* Begin PBXBuildFile section */
		1AEC6A251F9FB62C003E0D47 /* AppDelegate.swift in Sources */ = {isa = PBXBuildFile; fileRef = 1AEC6A241F9FB62C003E0D47 /* AppDelegate.swift */; };
		1AEC6A271F9FB62C003E0D47 /* ViewController.swift in Sources */ = {isa = PBXBuildFile; fileRef = 1AEC6A261F9FB62C003E0D47 /* ViewController.swift */; };
		1AEC6A2A1F9FB62C003E0D47 /* Main.storyboard in Resources */ = {isa = PBXBuildFile; fileRef = 1AEC6A281F9FB62C003E0D47 /* Main.storyboard */; };
		1AEC6A2D1F9FB62C003E0D47 /* WindyCitySwing.xcdatamodeld in Sources */ = {isa = PBXBuildFile; fileRef = 1AEC6A2B1F9FB62C003E0D47 /* WindyCitySwing.xcdatamodeld */; };
		1AEC6A2F1F9FB62C003E0D47 /* Assets.xcassets in Resources */ = {isa = PBXBuildFile; fileRef = 1AEC6A2E1F9FB62C003E0D47 /* Assets.xcassets */; };
		1AEC6A321F9FB62C003E0D47 /* LaunchScreen.storyboard in Resources */ = {isa = PBXBuildFile; fileRef = 1AEC6A301F9FB62C003E0D47 /* LaunchScreen.storyboard */; };
		1AEC6A3D1F9FB62C003E0D47 /* WindyCitySwingTests.swift in Sources */ = {isa = PBXBuildFile; fileRef = 1AEC6A3C1F9FB62C003E0D47 /* WindyCitySwingTests.swift */; };
		1AEC6A481F9FB62C003E0D47 /* WindyCitySwingUITests.swift in Sources */ = {isa = PBXBuildFile; fileRef = 1AEC6A471F9FB62C003E0D47 /* WindyCitySwingUITests.swift */; };
/* End PBXBuildFile section */

/* Begin PBXContainerItemProxy section */
		1AEC6A391F9FB62C003E0D47 /* PBXContainerItemProxy */ = {
			isa = PBXContainerItemProxy;
			containerPortal = 1AEC6A191F9FB62B003E0D47 /* Project object */;
			proxyType = 1;
			remoteGlobalIDString = 1AEC6A201F9FB62B003E0D47;
			remoteInfo = WindyCitySwing;
		};
		1AEC6A441F9FB62C003E0D47 /* PBXContainerItemProxy */ = {
			isa = PBXContainerItemProxy;
			containerPortal = 1AEC6A191F9FB62B003E0D47 /* Project object */;
			proxyType = 1;
			remoteGlobalIDString = 1AEC6A201F9FB62B003E0D47;
			remoteInfo = WindyCitySwing;
		};
/* End PBXContainerItemProxy section */

/* Begin PBXFileReference section */
		1AEC6A211F9FB62C003E0D47 /* WindyCitySwing.app */ = {isa = PBXFileReference; explicitFileType = wrapper.application; includeInIndex = 0; path = WindyCitySwing.app; sourceTree = BUILT_PRODUCTS_DIR; };
		1AEC6A241F9FB62C003E0D47 /* AppDelegate.swift */ = {isa = PBXFileReference; lastKnownFileType = sourcecode.swift; path = AppDelegate.swift; sourceTree = "<group>"; };
		1AEC6A261F9FB62C003E0D47 /* ViewController.swift */ = {isa = PBXFileReference; lastKnownFileType = sourcecode.swift; path = ViewController.swift; sourceTree = "<group>"; };
		1AEC6A291F9FB62C003E0D47 /* Base */ = {isa = PBXFileReference; lastKnownFileType = file.storyboard; name = Base; path = Base.lproj/Main.storyboard; sourceTree = "<group>"; };
		1AEC6A2C1F9FB62C003E0D47 /* WindyCitySwing.xcdatamodel */ = {isa = PBXFileReference; lastKnownFileType = wrapper.xcdatamodel; path = WindyCitySwing.xcdatamodel; sourceTree = "<group>"; };
		1AEC6A2E1F9FB62C003E0D47 /* Assets.xcassets */ = {isa = PBXFileReference; lastKnownFileType = folder.assetcatalog; path = Assets.xcassets; sourceTree = "<group>"; };
		1AEC6A311F9FB62C003E0D47 /* Base */ = {isa = PBXFileReference; lastKnownFileType = file.storyboard; name = Base; path = Base.lproj/LaunchScreen.storyboard; sourceTree = "<group>"; };
		1AEC6A331F9FB62C003E0D47 /* Info.plist */ = {isa = PBXFileReference; lastKnownFileType = text.plist.xml; path = Info.plist; sourceTree = "<group>"; };
		1AEC6A381F9FB62C003E0D47 /* WindyCitySwingTests.xctest */ = {isa = PBXFileReference; explicitFileType = wrapper.cfbundle; includeInIndex = 0; path = WindyCitySwingTests.xctest; sourceTree = BUILT_PRODUCTS_DIR; };
		1AEC6A3C1F9FB62C003E0D47 /* WindyCitySwingTests.swift */ = {isa = PBXFileReference; lastKnownFileType = sourcecode.swift; path = WindyCitySwingTests.swift; sourceTree = "<group>"; };
		1AEC6A3E1F9FB62C003E0D47 /* Info.plist */ = {isa = PBXFileReference; lastKnownFileType = text.plist.xml; path = Info.plist; sourceTree = "<group>"; };
		1AEC6A431F9FB62C003E0D47 /* WindyCitySwingUITests.xctest */ = {isa = PBXFileReference; explicitFileType = wrapper.cfbundle; includeInIndex = 0; path = WindyCitySwingUITests.xctest; sourceTree = BUILT_PRODUCTS_DIR; };
		1AEC6A471F9FB62C003E0D47 /* WindyCitySwingUITests.swift */ = {isa = PBXFileReference; lastKnownFileType = sourcecode.swift; path = WindyCitySwingUITests.swift; sourceTree = "<group>"; };
		1AEC6A491F9FB62C003E0D47 /* Info.plist */ = {isa = PBXFileReference; lastKnownFileType = text.plist.xml; path = Info.plist; sourceTree = "<group>"; };
/* End PBXFileReference section */

/* Begin PBXFrameworksBuildPhase section */
		1AEC6A1E1F9FB62B003E0D47 /* Frameworks */ = {
			isa = PBXFrameworksBuildPhase;
			buildActionMask = 2147483647;
			files = (
			);
			runOnlyForDeploymentPostprocessing = 0;
		};
		1AEC6A351F9FB62C003E0D47 /* Frameworks */ = {
			isa = PBXFrameworksBuildPhase;
			buildActionMask = 2147483647;
			files = (
			);
			runOnlyForDeploymentPostprocessing = 0;
		};
		1AEC6A401F9FB62C003E0D47 /* Frameworks */ = {
			isa = PBXFrameworksBuildPhase;
			buildActionMask = 2147483647;
			files = (
			);
			runOnlyForDeploymentPostprocessing = 0;
		};
/* End PBXFrameworksBuildPhase section */

/* Begin PBXGroup section */
		1AEC6A181F9FB62B003E0D47 = {
			isa = PBXGroup;
			children = (
				1AEC6A231F9FB62C003E0D47 /* WindyCitySwing */,
				1AEC6A3B1F9FB62C003E0D47 /* WindyCitySwingTests */,
				1AEC6A461F9FB62C003E0D47 /* WindyCitySwingUITests */,
				1AEC6A221F9FB62C003E0D47 /* Products */,
			);
			sourceTree = "<group>";
		};
		1AEC6A221F9FB62C003E0D47 /* Products */ = {
			isa = PBXGroup;
			children = (
				1AEC6A211F9FB62C003E0D47 /* WindyCitySwing.app */,
				1AEC6A381F9FB62C003E0D47 /* WindyCitySwingTests.xctest */,
				1AEC6A431F9FB62C003E0D47 /* WindyCitySwingUITests.xctest */,
			);
			name = Products;
			sourceTree = "<group>";
		};
		1AEC6A231F9FB62C003E0D47 /* WindyCitySwing */ = {
			isa = PBXGroup;
			children = (
				1AEC6A241F9FB62C003E0D47 /* AppDelegate.swift */,
				1AEC6A261F9FB62C003E0D47 /* ViewController.swift */,
				1AEC6A281F9FB62C003E0D47 /* Main.storyboard */,
				1AEC6A2E1F9FB62C003E0D47 /* Assets.xcassets */,
				1AEC6A301F9FB62C003E0D47 /* LaunchScreen.storyboard */,
				1AEC6A331F9FB62C003E0D47 /* Info.plist */,
				1AEC6A2B1F9FB62C003E0D47 /* WindyCitySwing.xcdatamodeld */,
			);
			path = WindyCitySwing;
			sourceTree = "<group>";
		};
		1AEC6A3B1F9FB62C003E0D47 /* WindyCitySwingTests */ = {
			isa = PBXGroup;
			children = (
				1AEC6A3C1F9FB62C003E0D47 /* WindyCitySwingTests.swift */,
				1AEC6A3E1F9FB62C003E0D47 /* Info.plist */,
			);
			path = WindyCitySwingTests;
			sourceTree = "<group>";
		};
		1AEC6A461F9FB62C003E0D47 /* WindyCitySwingUITests */ = {
			isa = PBXGroup;
			children = (
				1AEC6A471F9FB62C003E0D47 /* WindyCitySwingUITests.swift */,
				1AEC6A491F9FB62C003E0D47 /* Info.plist */,
			);
			path = WindyCitySwingUITests;
			sourceTree = "<group>";
		};
/* End PBXGroup section */

/* Begin PBXNativeTarget section */
		1AEC6A201F9FB62B003E0D47 /* WindyCitySwing */ = {
			isa = PBXNativeTarget;
			buildConfigurationList = 1AEC6A4C1F9FB62C003E0D47 /* Build configuration list for PBXNativeTarget "WindyCitySwing" */;
			buildPhases = (
				1AEC6A1D1F9FB62B003E0D47 /* Sources */,
				1AEC6A1E1F9FB62B003E0D47 /* Frameworks */,
				1AEC6A1F1F9FB62B003E0D47 /* Resources */,
			);
			buildRules = (
			);
			dependencies = (
			);
			name = WindyCitySwing;
			productName = WindyCitySwing;
			productReference = 1AEC6A211F9FB62C003E0D47 /* WindyCitySwing.app */;
			productType = "com.apple.product-type.application";
		};
		1AEC6A371F9FB62C003E0D47 /* WindyCitySwingTests */ = {
			isa = PBXNativeTarget;
			buildConfigurationList = 1AEC6A4F1F9FB62C003E0D47 /* Build configuration list for PBXNativeTarget "WindyCitySwingTests" */;
			buildPhases = (
				1AEC6A341F9FB62C003E0D47 /* Sources */,
				1AEC6A351F9FB62C003E0D47 /* Frameworks */,
				1AEC6A361F9FB62C003E0D47 /* Resources */,
			);
			buildRules = (
			);
			dependencies = (
				1AEC6A3A1F9FB62C003E0D47 /* PBXTargetDependency */,
			);
			name = WindyCitySwingTests;
			productName = WindyCitySwingTests;
			productReference = 1AEC6A381F9FB62C003E0D47 /* WindyCitySwingTests.xctest */;
			productType = "com.apple.product-type.bundle.unit-test";
		};
		1AEC6A421F9FB62C003E0D47 /* WindyCitySwingUITests */ = {
			isa = PBXNativeTarget;
			buildConfigurationList = 1AEC6A521F9FB62C003E0D47 /* Build configuration list for PBXNativeTarget "WindyCitySwingUITests" */;
			buildPhases = (
				1AEC6A3F1F9FB62C003E0D47 /* Sources */,
				1AEC6A401F9FB62C003E0D47 /* Frameworks */,
				1AEC6A411F9FB62C003E0D47 /* Resources */,
			);
			buildRules = (
			);
			dependencies = (
				1AEC6A451F9FB62C003E0D47 /* PBXTargetDependency */,
			);
			name = WindyCitySwingUITests;
			productName = WindyCitySwingUITests;
			productReference = 1AEC6A431F9FB62C003E0D47 /* WindyCitySwingUITests.xctest */;
			productType = "com.apple.product-type.bundle.ui-testing";
		};
/* End PBXNativeTarget section */

/* Begin PBXProject section */
		1AEC6A191F9FB62B003E0D47 /* Project object */ = {
			isa = PBXProject;
			attributes = {
				LastSwiftUpdateCheck = 0900;
				LastUpgradeCheck = 0900;
				ORGANIZATIONNAME = dumbdimb;
				TargetAttributes = {
					1AEC6A201F9FB62B003E0D47 = {
						CreatedOnToolsVersion = 9.0.1;
						ProvisioningStyle = Automatic;
					};
					1AEC6A371F9FB62C003E0D47 = {
						CreatedOnToolsVersion = 9.0.1;
						ProvisioningStyle = Automatic;
						TestTargetID = 1AEC6A201F9FB62B003E0D47;
					};
					1AEC6A421F9FB62C003E0D47 = {
						CreatedOnToolsVersion = 9.0.1;
						ProvisioningStyle = Automatic;
						TestTargetID = 1AEC6A201F9FB62B003E0D47;
					};
				};
			};
			buildConfigurationList = 1AEC6A1C1F9FB62B003E0D47 /* Build configuration list for PBXProject "WindyCitySwing" */;
			compatibilityVersion = "Xcode 8.0";
			developmentRegion = en;
			hasScannedForEncodings = 0;
			knownRegions = (
				en,
				Base,
			);
			mainGroup = 1AEC6A181F9FB62B003E0D47;
			productRefGroup = 1AEC6A221F9FB62C003E0D47 /* Products */;
			projectDirPath = "";
			projectRoot = "";
			targets = (
				1AEC6A201F9FB62B003E0D47 /* WindyCitySwing */,
				1AEC6A371F9FB62C003E0D47 /* WindyCitySwingTests */,
				1AEC6A421F9FB62C003E0D47 /* WindyCitySwingUITests */,
			);
		};
/* End PBXProject section */

/* Begin PBXResourcesBuildPhase section */
		1AEC6A1F1F9FB62B003E0D47 /* Resources */ = {
			isa = PBXResourcesBuildPhase;
			buildActionMask = 2147483647;
			files = (
				1AEC6A321F9FB62C003E0D47 /* LaunchScreen.storyboard in Resources */,
				1AEC6A2F1F9FB62C003E0D47 /* Assets.xcassets in Resources */,
				1AEC6A2A1F9FB62C003E0D47 /* Main.storyboard in Resources */,
			);
			runOnlyForDeploymentPostprocessing = 0;
		};
		1AEC6A361F9FB62C003E0D47 /* Resources */ = {
			isa = PBXResourcesBuildPhase;
			buildActionMask = 2147483647;
			files = (
			);
			runOnlyForDeploymentPostprocessing = 0;
		};
		1AEC6A411F9FB62C003E0D47 /* Resources */ = {
			isa = PBXResourcesBuildPhase;
			buildActionMask = 2147483647;
			files = (
			);
			runOnlyForDeploymentPostprocessing = 0;
		};
/* End PBXResourcesBuildPhase section */

/* Begin PBXSourcesBuildPhase section */
		1AEC6A1D1F9FB62B003E0D47 /* Sources */ = {
			isa = PBXSourcesBuildPhase;
			buildActionMask = 2147483647;
			files = (
				1AEC6A2D1F9FB62C003E0D47 /* WindyCitySwing.xcdatamodeld in Sources */,
				1AEC6A271F9FB62C003E0D47 /* ViewController.swift in Sources */,
				1AEC6A251F9FB62C003E0D47 /* AppDelegate.swift in Sources */,
			);
			runOnlyForDeploymentPostprocessing = 0;
		};
		1AEC6A341F9FB62C003E0D47 /* Sources */ = {
			isa = PBXSourcesBuildPhase;
			buildActionMask = 2147483647;
			files = (
				1AEC6A3D1F9FB62C003E0D47 /* WindyCitySwingTests.swift in Sources */,
			);
			runOnlyForDeploymentPostprocessing = 0;
		};
		1AEC6A3F1F9FB62C003E0D47 /* Sources */ = {
			isa = PBXSourcesBuildPhase;
			buildActionMask = 2147483647;
			files = (
				1AEC6A481F9FB62C003E0D47 /* WindyCitySwingUITests.swift in Sources */,
			);
			runOnlyForDeploymentPostprocessing = 0;
		};
/* End PBXSourcesBuildPhase section */

/* Begin PBXTargetDependency section */
		1AEC6A3A1F9FB62C003E0D47 /* PBXTargetDependency */ = {
			isa = PBXTargetDependency;
			target = 1AEC6A201F9FB62B003E0D47 /* WindyCitySwing */;
			targetProxy = 1AEC6A391F9FB62C003E0D47 /* PBXContainerItemProxy */;
		};
		1AEC6A451F9FB62C003E0D47 /* PBXTargetDependency */ = {
			isa = PBXTargetDependency;
			target = 1AEC6A201F9FB62B003E0D47 /* WindyCitySwing */;
			targetProxy = 1AEC6A441F9FB62C003E0D47 /* PBXContainerItemProxy */;
		};
/* End PBXTargetDependency section */

/* Begin PBXVariantGroup section */
		1AEC6A281F9FB62C003E0D47 /* Main.storyboard */ = {
			isa = PBXVariantGroup;
			children = (
				1AEC6A291F9FB62C003E0D47 /* Base */,
			);
			name = Main.storyboard;
			sourceTree = "<group>";
		};
		1AEC6A301F9FB62C003E0D47 /* LaunchScreen.storyboard */ = {
			isa = PBXVariantGroup;
			children = (
				1AEC6A311F9FB62C003E0D47 /* Base */,
			);
			name = LaunchScreen.storyboard;
			sourceTree = "<group>";
		};
/* End PBXVariantGroup section */

/* Begin XCBuildConfiguration section */
		1AEC6A4A1F9FB62C003E0D47 /* Debug */ = {
			isa = XCBuildConfiguration;
			buildSettings = {
				ALWAYS_SEARCH_USER_PATHS = NO;
				CLANG_ANALYZER_NONNULL = YES;
				CLANG_ANALYZER_NUMBER_OBJECT_CONVERSION = YES_AGGRESSIVE;
				CLANG_CXX_LANGUAGE_STANDARD = "gnu++14";
				CLANG_CXX_LIBRARY = "libc++";
				CLANG_ENABLE_MODULES = YES;
				CLANG_ENABLE_OBJC_ARC = YES;
				CLANG_WARN_BLOCK_CAPTURE_AUTORELEASING = YES;
				CLANG_WARN_BOOL_CONVERSION = YES;
				CLANG_WARN_COMMA = YES;
				CLANG_WARN_CONSTANT_CONVERSION = YES;
				CLANG_WARN_DIRECT_OBJC_ISA_USAGE = YES_ERROR;
				CLANG_WARN_DOCUMENTATION_COMMENTS = YES;
				CLANG_WARN_EMPTY_BODY = YES;
				CLANG_WARN_ENUM_CONVERSION = YES;
				CLANG_WARN_INFINITE_RECURSION = YES;
				CLANG_WARN_INT_CONVERSION = YES;
				CLANG_WARN_NON_LITERAL_NULL_CONVERSION = YES;
				CLANG_WARN_OBJC_LITERAL_CONVERSION = YES;
				CLANG_WARN_OBJC_ROOT_CLASS = YES_ERROR;
				CLANG_WARN_RANGE_LOOP_ANALYSIS = YES;
				CLANG_WARN_STRICT_PROTOTYPES = YES;
				CLANG_WARN_SUSPICIOUS_MOVE = YES;
				CLANG_WARN_UNGUARDED_AVAILABILITY = YES_AGGRESSIVE;
				CLANG_WARN_UNREACHABLE_CODE = YES;
				CLANG_WARN__DUPLICATE_METHOD_MATCH = YES;
				CODE_SIGN_IDENTITY = "iPhone Developer";
				COPY_PHASE_STRIP = NO;
				DEBUG_INFORMATION_FORMAT = dwarf;
				ENABLE_STRICT_OBJC_MSGSEND = YES;
				ENABLE_TESTABILITY = YES;
				GCC_C_LANGUAGE_STANDARD = gnu11;
				GCC_DYNAMIC_NO_PIC = NO;
				GCC_NO_COMMON_BLOCKS = YES;
				GCC_OPTIMIZATION_LEVEL = 0;
				GCC_PREPROCESSOR_DEFINITIONS = (
					"DEBUG=1",
					"$(inherited)",
				);
				GCC_WARN_64_TO_32_BIT_CONVERSION = YES;
				GCC_WARN_ABOUT_RETURN_TYPE = YES_ERROR;
				GCC_WARN_UNDECLARED_SELECTOR = YES;
				GCC_WARN_UNINITIALIZED_AUTOS = YES_AGGRESSIVE;
				GCC_WARN_UNUSED_FUNCTION = YES;
				GCC_WARN_UNUSED_VARIABLE = YES;
				IPHONEOS_DEPLOYMENT_TARGET = 11.0;
				MTL_ENABLE_DEBUG_INFO = YES;
				ONLY_ACTIVE_ARCH = YES;
				SDKROOT = iphoneos;
				SWIFT_ACTIVE_COMPILATION_CONDITIONS = DEBUG;
				SWIFT_OPTIMIZATION_LEVEL = "-Onone";
			};
			name = Debug;
		};
		1AEC6A4B1F9FB62C003E0D47 /* Release */ = {
			isa = XCBuildConfiguration;
			buildSettings = {
				ALWAYS_SEARCH_USER_PATHS = NO;
				CLANG_ANALYZER_NONNULL = YES;
				CLANG_ANALYZER_NUMBER_OBJECT_CONVERSION = YES_AGGRESSIVE;
				CLANG_CXX_LANGUAGE_STANDARD = "gnu++14";
				CLANG_CXX_LIBRARY = "libc++";
				CLANG_ENABLE_MODULES = YES;
				CLANG_ENABLE_OBJC_ARC = YES;
				CLANG_WARN_BLOCK_CAPTURE_AUTORELEASING = YES;
				CLANG_WARN_BOOL_CONVERSION = YES;
				CLANG_WARN_COMMA = YES;
				CLANG_WARN_CONSTANT_CONVERSION = YES;
				CLANG_WARN_DIRECT_OBJC_ISA_USAGE = YES_ERROR;
				CLANG_WARN_DOCUMENTATION_COMMENTS = YES;
				CLANG_WARN_EMPTY_BODY = YES;
				CLANG_WARN_ENUM_CONVERSION = YES;
				CLANG_WARN_INFINITE_RECURSION = YES;
				CLANG_WARN_INT_CONVERSION = YES;
				CLANG_WARN_NON_LITERAL_NULL_CONVERSION = YES;
				CLANG_WARN_OBJC_LITERAL_CONVERSION = YES;
				CLANG_WARN_OBJC_ROOT_CLASS = YES_ERROR;
				CLANG_WARN_RANGE_LOOP_ANALYSIS = YES;
				CLANG_WARN_STRICT_PROTOTYPES = YES;
				CLANG_WARN_SUSPICIOUS_MOVE = YES;
				CLANG_WARN_UNGUARDED_AVAILABILITY = YES_AGGRESSIVE;
				CLANG_WARN_UNREACHABLE_CODE = YES;
				CLANG_WARN__DUPLICATE_METHOD_MATCH = YES;
				CODE_SIGN_IDENTITY = "iPhone Developer";
				COPY_PHASE_STRIP = NO;
				DEBUG_INFORMATION_FORMAT = "dwarf-with-dsym";
				ENABLE_NS_ASSERTIONS = NO;
				ENABLE_STRICT_OBJC_MSGSEND = YES;
				GCC_C_LANGUAGE_STANDARD = gnu11;
				GCC_NO_COMMON_BLOCKS = YES;
				GCC_WARN_64_TO_32_BIT_CONVERSION = YES;
				GCC_WARN_ABOUT_RETURN_TYPE = YES_ERROR;
				GCC_WARN_UNDECLARED_SELECTOR = YES;
				GCC_WARN_UNINITIALIZED_AUTOS = YES_AGGRESSIVE;
				GCC_WARN_UNUSED_FUNCTION = YES;
				GCC_WARN_UNUSED_VARIABLE = YES;
				IPHONEOS_DEPLOYMENT_TARGET = 11.0;
				MTL_ENABLE_DEBUG_INFO = NO;
				SDKROOT = iphoneos;
				SWIFT_OPTIMIZATION_LEVEL = "-Owholemodule";
				VALIDATE_PRODUCT = YES;
			};
			name = Release;
		};
		1AEC6A4D1F9FB62C003E0D47 /* Debug */ = {
			isa = XCBuildConfiguration;
			buildSettings = {
				ASSETCATALOG_COMPILER_APPICON_NAME = AppIcon;
				CODE_SIGN_STYLE = Automatic;
				DEVELOPMENT_TEAM = 4KM6K7EV8N;
				INFOPLIST_FILE = WindyCitySwing/Info.plist;
				LD_RUNPATH_SEARCH_PATHS = "$(inherited) @executable_path/Frameworks";
				PRODUCT_BUNDLE_IDENTIFIER = com.windycityswing.WindyCitySwing;
				PRODUCT_NAME = "$(TARGET_NAME)";
				SWIFT_VERSION = 4.0;
				TARGETED_DEVICE_FAMILY = "1,2";
			};
			name = Debug;
		};
		1AEC6A4E1F9FB62C003E0D47 /* Release */ = {
			isa = XCBuildConfiguration;
			buildSettings = {
				ASSETCATALOG_COMPILER_APPICON_NAME = AppIcon;
				CODE_SIGN_STYLE = Automatic;
				DEVELOPMENT_TEAM = 4KM6K7EV8N;
				INFOPLIST_FILE = WindyCitySwing/Info.plist;
				LD_RUNPATH_SEARCH_PATHS = "$(inherited) @executable_path/Frameworks";
				PRODUCT_BUNDLE_IDENTIFIER = com.windycityswing.WindyCitySwing;
				PRODUCT_NAME = "$(TARGET_NAME)";
				SWIFT_VERSION = 4.0;
				TARGETED_DEVICE_FAMILY = "1,2";
			};
			name = Release;
		};
		1AEC6A501F9FB62C003E0D47 /* Debug */ = {
			isa = XCBuildConfiguration;
			buildSettings = {
				ALWAYS_EMBED_SWIFT_STANDARD_LIBRARIES = YES;
				BUNDLE_LOADER = "$(TEST_HOST)";
				CODE_SIGN_STYLE = Automatic;
				DEVELOPMENT_TEAM = 4KM6K7EV8N;
				INFOPLIST_FILE = WindyCitySwingTests/Info.plist;
				LD_RUNPATH_SEARCH_PATHS = "$(inherited) @executable_path/Frameworks @loader_path/Frameworks";
				PRODUCT_BUNDLE_IDENTIFIER = com.windycityswing.WindyCitySwingTests;
				PRODUCT_NAME = "$(TARGET_NAME)";
				SWIFT_VERSION = 4.0;
				TARGETED_DEVICE_FAMILY = "1,2";
				TEST_HOST = "$(BUILT_PRODUCTS_DIR)/WindyCitySwing.app/WindyCitySwing";
			};
			name = Debug;
		};
		1AEC6A511F9FB62C003E0D47 /* Release */ = {
			isa = XCBuildConfiguration;
			buildSettings = {
				ALWAYS_EMBED_SWIFT_STANDARD_LIBRARIES = YES;
				BUNDLE_LOADER = "$(TEST_HOST)";
				CODE_SIGN_STYLE = Automatic;
				DEVELOPMENT_TEAM = 4KM6K7EV8N;
				INFOPLIST_FILE = WindyCitySwingTests/Info.plist;
				LD_RUNPATH_SEARCH_PATHS = "$(inherited) @executable_path/Frameworks @loader_path/Frameworks";
				PRODUCT_BUNDLE_IDENTIFIER = com.windycityswing.WindyCitySwingTests;
				PRODUCT_NAME = "$(TARGET_NAME)";
				SWIFT_VERSION = 4.0;
				TARGETED_DEVICE_FAMILY = "1,2";
				TEST_HOST = "$(BUILT_PRODUCTS_DIR)/WindyCitySwing.app/WindyCitySwing";
			};
			name = Release;
		};
		1AEC6A531F9FB62C003E0D47 /* Debug */ = {
			isa = XCBuildConfiguration;
			buildSettings = {
				ALWAYS_EMBED_SWIFT_STANDARD_LIBRARIES = YES;
				CODE_SIGN_STYLE = Automatic;
				DEVELOPMENT_TEAM = 4KM6K7EV8N;
				INFOPLIST_FILE = WindyCitySwingUITests/Info.plist;
				LD_RUNPATH_SEARCH_PATHS = "$(inherited) @executable_path/Frameworks @loader_path/Frameworks";
				PRODUCT_BUNDLE_IDENTIFIER = com.windycityswing.WindyCitySwingUITests;
				PRODUCT_NAME = "$(TARGET_NAME)";
				SWIFT_VERSION = 4.0;
				TARGETED_DEVICE_FAMILY = "1,2";
				TEST_TARGET_NAME = WindyCitySwing;
			};
			name = Debug;
		};
		1AEC6A541F9FB62C003E0D47 /* Release */ = {
			isa = XCBuildConfiguration;
			buildSettings = {
				ALWAYS_EMBED_SWIFT_STANDARD_LIBRARIES = YES;
				CODE_SIGN_STYLE = Automatic;
				DEVELOPMENT_TEAM = 4KM6K7EV8N;
				INFOPLIST_FILE = WindyCitySwingUITests/Info.plist;
				LD_RUNPATH_SEARCH_PATHS = "$(inherited) @executable_path/Frameworks @loader_path/Frameworks";
				PRODUCT_BUNDLE_IDENTIFIER = com.windycityswing.WindyCitySwingUITests;
				PRODUCT_NAME = "$(TARGET_NAME)";
				SWIFT_VERSION = 4.0;
				TARGETED_DEVICE_FAMILY = "1,2";
				TEST_TARGET_NAME = WindyCitySwing;
			};
			name = Release;
		};
/* End XCBuildConfiguration section */

/* Begin XCConfigurationList section */
		1AEC6A1C1F9FB62B003E0D47 /* Build configuration list for PBXProject "WindyCitySwing" */ = {
			isa = XCConfigurationList;
			buildConfigurations = (
				1AEC6A4A1F9FB62C003E0D47 /* Debug */,
				1AEC6A4B1F9FB62C003E0D47 /* Release */,
			);
			defaultConfigurationIsVisible = 0;
			defaultConfigurationName = Release;
		};
		1AEC6A4C1F9FB62C003E0D47 /* Build configuration list for PBXNativeTarget "WindyCitySwing" */ = {
			isa = XCConfigurationList;
			buildConfigurations = (
				1AEC6A4D1F9FB62C003E0D47 /* Debug */,
				1AEC6A4E1F9FB62C003E0D47 /* Release */,
			);
			defaultConfigurationIsVisible = 0;
			defaultConfigurationName = Release;
		};
		1AEC6A4F1F9FB62C003E0D47 /* Build configuration list for PBXNativeTarget "WindyCitySwingTests" */ = {
			isa = XCConfigurationList;
			buildConfigurations = (
				1AEC6A501F9FB62C003E0D47 /* Debug */,
				1AEC6A511F9FB62C003E0D47 /* Release */,
			);
			defaultConfigurationIsVisible = 0;
			defaultConfigurationName = Release;
		};
		1AEC6A521F9FB62C003E0D47 /* Build configuration list for PBXNativeTarget "WindyCitySwingUITests" */ = {
			isa = XCConfigurationList;
			buildConfigurations = (
				1AEC6A531F9FB62C003E0D47 /* Debug */,
				1AEC6A541F9FB62C003E0D47 /* Release */,
			);
			defaultConfigurationIsVisible = 0;
			defaultConfigurationName = Release;
		};
/* End XCConfigurationList section */

/* Begin XCVersionGroup section */
		1AEC6A2B1F9FB62C003E0D47 /* WindyCitySwing.xcdatamodeld */ = {
			isa = XCVersionGroup;
			children = (
				1AEC6A2C1F9FB62C003E0D47 /* WindyCitySwing.xcdatamodel */,
			);
			currentVersion = 1AEC6A2C1F9FB62C003E0D47 /* WindyCitySwing.xcdatamodel */;
			path = WindyCitySwing.xcdatamodeld;
			sourceTree = "<group>";
			versionGroupType = wrapper.xcdatamodel;
		};
/* End XCVersionGroup section */
	};
	rootObject = 1AEC6A191F9FB62B003E0D47 /* Project object */;
}
